
Microsoft Visual Studio Solution File, Format Version 12.00
# Visual Studio 2013
VisualStudioVersion = 12.0.21005.1
MinimumVisualStudioVersion = 10.0.40219.1
Project("{FAE04EC0-301F-11D3-BF4B-00C04F79EFBC}") = "iSyncA", "iSyncA\iSyncA.csproj", "{0CDCBD66-40A6-4E63-9E0F-B0CCD0896B70}"
EndProject
Project("{FAE04EC0-301F-11D3-BF4B-00C04F79EFBC}") = "Syncronizer", "Syncronizer\Syncronizer.csproj", "{C8161B06-C183-4404-8B40-19CD471FA807}"
EndProject
Project("{FAE04EC0-301F-11D3-BF4B-00C04F79EFBC}") = "Resource", "Resource\Resource.csproj", "{D71115AF-4FC3-4068-A100-9DDF719FE346}"
EndProject
Global
	GlobalSection(SolutionConfigurationPlatforms) = preSolution
		Debug|Any CPU = Debug|Any CPU
		Release|Any CPU = Release|Any CPU
	EndGlobalSection
	GlobalSection(ProjectConfigurationPlatforms) = postSolution
		{0CDCBD66-40A6-4E63-9E0F-B0CCD0896B70}.Debug|Any CPU.ActiveCfg = Debug|Any CPU
		{0CDCBD66-40A6-4E63-9E0F-B0CCD0896B70}.Debug|Any CPU.Build.0 = Debug|Any CPU
		{0CDCBD66-40A6-4E63-9E0F-B0CCD0896B70}.Release|Any CPU.ActiveCfg = Release|Any CPU
		{0CDCBD66-40A6-4E63-9E0F-B0CCD0896B70}.Release|Any CPU.Build.0 = Release|Any CPU
		{C8161B06-C183-4404-8B40-19CD471FA807}.Debug|Any CPU.ActiveCfg = Debug|Any CPU
		{C8161B06-C183-4404-8B40-19CD471FA807}.Debug|Any CPU.Build.0 = Debug|Any CPU
		{C8161B06-C183-4404-8B40-19CD471FA807}.Release|Any CPU.ActiveCfg = Release|Any CPU
		{C8161B06-C183-4404-8B40-19CD471FA807}.Release|Any CPU.Build.0 = Release|Any CPU
		{D71115AF-4FC3-4068-A100-9DDF719FE346}.Debug|Any CPU.ActiveCfg = Debug|Any CPU
		{D71115AF-4FC3-4068-A100-9DDF719FE346}.Debug|Any CPU.Build.0 = Debug|Any CPU
		{D71115AF-4FC3-4068-A100-9DDF719FE346}.Release|Any CPU.ActiveCfg = Release|Any CPU
		{D71115AF-4FC3-4068-A100-9DDF719FE346}.Release|Any CPU.Build.0 = Release|Any CPU
	EndGlobalSection
	GlobalSection(SolutionProperties) = preSolution
		HideSolutionNode = FALSE
	EndGlobalSection
EndGlobal
